
Microsoft Visual Studio Solution File, Format Version 12.00
# Visual Studio Version 16
VisualStudioVersion = 25.0.1706.6
MinimumVisualStudioVersion = 10.0.40219.1
Project("{FAE04EC0-301F-11D3-BF4B-00C04F79EFBC}") = "Week3ifandswitch", "Week3ifandswitch\Week3ifandswitch.csproj", "{30279A55-685D-454D-BA28-AF7DF5EE08DB}"
EndProject
Global
	GlobalSection(SolutionConfigurationPlatforms) = preSolution
		Debug|Any CPU = Debug|Any CPU
		Release|Any CPU = Release|Any CPU
	EndGlobalSection
	GlobalSection(ProjectConfigurationPlatforms) = postSolution
		{30279A55-685D-454D-BA28-AF7DF5EE08DB}.Debug|Any CPU.ActiveCfg = Debug|Any CPU
		{30279A55-685D-454D-BA28-AF7DF5EE08DB}.Debug|Any CPU.Build.0 = Debug|Any CPU
		{30279A55-685D-454D-BA28-AF7DF5EE08DB}.Release|Any CPU.ActiveCfg = Release|Any CPU
		{30279A55-685D-454D-BA28-AF7DF5EE08DB}.Release|Any CPU.Build.0 = Release|Any CPU
	EndGlobalSection
	GlobalSection(SolutionProperties) = preSolution
		HideSolutionNode = FALSE
	EndGlobalSection
	GlobalSection(ExtensibilityGlobals) = postSolution
		SolutionGuid = {E1685B81-AC5B-459F-B776-AA2EC1A8836B}
	EndGlobalSection
EndGlobal
